
Microsoft Visual Studio Solution File, Format Version 12.00
# Visual Studio Version 17
VisualStudioVersion = 17.0.31903.59
MinimumVisualStudioVersion = 10.0.40219.1
Project("{F2A71F9B-5D33-465A-A702-920D77279786}") = "LoanRules", "LoanRules\LoanRules.fsproj", "{68E7EBF3-5152-4FCA-92BA-B8ECE2F3E88C}"
EndProject
Project("{FAE04EC0-301F-11D3-BF4B-00C04F79EFBC}") = "LoanApp", "LoanApp\LoanApp.csproj", "{A95E43F6-4183-4F1F-BAD0-2CEC8EDF0E69}"
EndProject
Global
	GlobalSection(SolutionConfigurationPlatforms) = preSolution
		Debug|Any CPU = Debug|Any CPU
		Debug|x64 = Debug|x64
		Debug|x86 = Debug|x86
		Release|Any CPU = Release|Any CPU
		Release|x64 = Release|x64
		Release|x86 = Release|x86
	EndGlobalSection
	GlobalSection(ProjectConfigurationPlatforms) = postSolution
		{68E7EBF3-5152-4FCA-92BA-B8ECE2F3E88C}.Debug|Any CPU.ActiveCfg = Debug|Any CPU
		{68E7EBF3-5152-4FCA-92BA-B8ECE2F3E88C}.Debug|Any CPU.Build.0 = Debug|Any CPU
		{68E7EBF3-5152-4FCA-92BA-B8ECE2F3E88C}.Debug|x64.ActiveCfg = Debug|Any CPU
		{68E7EBF3-5152-4FCA-92BA-B8ECE2F3E88C}.Debug|x64.Build.0 = Debug|Any CPU
		{68E7EBF3-5152-4FCA-92BA-B8ECE2F3E88C}.Debug|x86.ActiveCfg = Debug|Any CPU
		{68E7EBF3-5152-4FCA-92BA-B8ECE2F3E88C}.Debug|x86.Build.0 = Debug|Any CPU
		{68E7EBF3-5152-4FCA-92BA-B8ECE2F3E88C}.Release|Any CPU.ActiveCfg = Release|Any CPU
		{68E7EBF3-5152-4FCA-92BA-B8ECE2F3E88C}.Release|Any CPU.Build.0 = Release|Any CPU
		{68E7EBF3-5152-4FCA-92BA-B8ECE2F3E88C}.Release|x64.ActiveCfg = Release|Any CPU
		{68E7EBF3-5152-4FCA-92BA-B8ECE2F3E88C}.Release|x64.Build.0 = Release|Any CPU
		{68E7EBF3-5152-4FCA-92BA-B8ECE2F3E88C}.Release|x86.ActiveCfg = Release|Any CPU
		{68E7EBF3-5152-4FCA-92BA-B8ECE2F3E88C}.Release|x86.Build.0 = Release|Any CPU
		{A95E43F6-4183-4F1F-BAD0-2CEC8EDF0E69}.Debug|Any CPU.ActiveCfg = Debug|Any CPU
		{A95E43F6-4183-4F1F-BAD0-2CEC8EDF0E69}.Debug|Any CPU.Build.0 = Debug|Any CPU
		{A95E43F6-4183-4F1F-BAD0-2CEC8EDF0E69}.Debug|x64.ActiveCfg = Debug|Any CPU
		{A95E43F6-4183-4F1F-BAD0-2CEC8EDF0E69}.Debug|x64.Build.0 = Debug|Any CPU
		{A95E43F6-4183-4F1F-BAD0-2CEC8EDF0E69}.Debug|x86.ActiveCfg = Debug|Any CPU
		{A95E43F6-4183-4F1F-BAD0-2CEC8EDF0E69}.Debug|x86.Build.0 = Debug|Any CPU
		{A95E43F6-4183-4F1F-BAD0-2CEC8EDF0E69}.Release|Any CPU.ActiveCfg = Release|Any CPU
		{A95E43F6-4183-4F1F-BAD0-2CEC8EDF0E69}.Release|Any CPU.Build.0 = Release|Any CPU
		{A95E43F6-4183-4F1F-BAD0-2CEC8EDF0E69}.Release|x64.ActiveCfg = Release|Any CPU
		{A95E43F6-4183-4F1F-BAD0-2CEC8EDF0E69}.Release|x64.Build.0 = Release|Any CPU
		{A95E43F6-4183-4F1F-BAD0-2CEC8EDF0E69}.Release|x86.ActiveCfg = Release|Any CPU
		{A95E43F6-4183-4F1F-BAD0-2CEC8EDF0E69}.Release|x86.Build.0 = Release|Any CPU
	EndGlobalSection
	GlobalSection(SolutionProperties) = preSolution
		HideSolutionNode = FALSE
	EndGlobalSection
EndGlobal
